PODS:
  - Alamofire (4.7.2)
  - AppAuth (0.92.0)
  - RandomColorSwift (1.0.0)
  - SwiftyJSON (4.1.0)

DEPENDENCIES:
  - Alamofire
  - AppAuth
  - RandomColorSwift
  - SwiftyJSON

SPEC REPOS:
  https://github.com/CocoaPods/Specs.git:
    - Alamofire
    - AppAuth
    - RandomColorSwift
    - SwiftyJSON

SPEC CHECKSUMS:
  Alamofire: e4fa87002c137ba2d8d634d2c51fabcda0d5c223
  AppAuth: 3f4f1d6d85ad631d0bbf15ffcdc10c447face97a
  RandomColorSwift: 9f85058b721665d52d239ca166a913e083506444
  SwiftyJSON: c29297daf073d2aa016295d5809cdd68045c39b3

PODFILE CHECKSUM: 1314b36eb52fceb9a03cfb1eb28c1c3618545bc7

COCOAPODS: 1.5.0
